<Solution>
  <Folder Name="/Modelo/">
    <File Path="CalculadoraModelo.cs" />
  </Folder>
  <Folder Name="/Presentacion/">
    <File Path="CalculadoraPresentacion.cs" />
  </Folder>
  <Folder Name="/Vista/">
    <File Path="ICalculadoraVista.cs" />
  </Folder>
  <Project Path="Calculadora/Calculadora.csproj" />
</Solution>
